
Microsoft Visual Studio Solution File, Format Version 12.00
Project("{FAE04EC0-301F-11D3-BF4B-00C04F79EFBC}") = "laba2", "laba2.csproj", "{16504D9B-ADF0-4A3E-A4CF-8505032F6E2F}"
EndProject
Global
	GlobalSection(SolutionConfigurationPlatforms) = preSolution
		Debug|Any CPU = Debug|Any CPU
		Release|Any CPU = Release|Any CPU
	EndGlobalSection
	GlobalSection(ProjectConfigurationPlatforms) = postSolution
		{16504D9B-ADF0-4A3E-A4CF-8505032F6E2F}.Debug|Any CPU.ActiveCfg = Debug|Any CPU
		{16504D9B-ADF0-4A3E-A4CF-8505032F6E2F}.Debug|Any CPU.Build.0 = Debug|Any CPU
		{16504D9B-ADF0-4A3E-A4CF-8505032F6E2F}.Release|Any CPU.ActiveCfg = Release|Any CPU
		{16504D9B-ADF0-4A3E-A4CF-8505032F6E2F}.Release|Any CPU.Build.0 = Release|Any CPU
	EndGlobalSection
EndGlobal
